Microsoft Visual Studio Solution File, Format Version 12.00
# Visual Studio Version 17
VisualStudioVersion = 17.14.36301.6 d17.14
MinimumVisualStudioVersion = 10.0.40219.1
Project("{9A19103F-16F7-4668-BE54-9A1E7A4F7556}") = "FinalProject.API", "FinalProject.API\FinalProject.API.csproj", "{18414A99-703D-4E1C-839B-6F81A4F351A8}"
EndProject
Project("{FAE04EC0-301F-11D3-BF4B-00C04F79EFBC}") = "FinalProject.WebAppFramework", "FinalProject.WebAppFramework\FinalProject.WebAppFramework.csproj", "{CEFE8B54-B1A6-4F9A-8FB2-DAD76DDD3DC6}"
EndProject
Project("{9A19103F-16F7-4668-BE54-9A1E7A4F7556}") = "FinalProject.BL", "FinalProject.BL\FinalProject.BL.csproj", "{2C0E7D4F-8F4B-4D2E-9A8D-1E2A7D8F3C4B}"
EndProject
Project("{9A19103F-16F7-4668-BE54-9A1E7A4F7556}") = "FinalProject.BO", "FinalProject.BO\FinalProject.BO.csproj", "{3D1F8E5A-9B2C-4E3F-8C4D-2F3A8E5F9B6C}"
EndProject
Project("{9A19103F-16F7-4668-BE54-9A1E7A4F7556}") = "FinalProject.DAL", "FinalProject.DAL\FinalProject.DAL.csproj", "{4E2F9F6B-0C3D-4F4E-9D5E-3F4B9F6C0D7E}"
EndProject
Global
	GlobalSection(SolutionConfigurationPlatforms) = preSolution
		Debug|Any CPU = Debug|Any CPU
		Release|Any CPU = Release|Any CPU
	EndGlobalSection
	GlobalSection(ProjectConfigurationPlatforms) = postSolution
		{18414A99-703D-4E1C-839B-6F81A4F351A8}.Debug|Any CPU.ActiveCfg = Debug|Any CPU
		{18414A99-703D-4E1C-839B-6F81A4F351A8}.Debug|Any CPU.Build.0 = Debug|Any CPU
		{18414A99-703D-4E1C-839B-6F81A4F351A8}.Release|Any CPU.ActiveCfg = Release|Any CPU
		{18414A99-703D-4E1C-839B-6F81A4F351A8}.Release|Any CPU.Build.0 = Release|Any CPU
		{CEFE8B54-B1A6-4F9A-8FB2-DAD76DDD3DC6}.Debug|Any CPU.ActiveCfg = Debug|Any CPU
		{CEFE8B54-B1A6-4F9A-8FB2-DAD76DDD3DC6}.Debug|Any CPU.Build.0 = Debug|Any CPU
		{CEFE8B54-B1A6-4F9A-8FB2-DAD76DDD3DC6}.Release|Any CPU.ActiveCfg = Release|Any CPU
		{CEFE8B54-B1A6-4F9A-8FB2-DAD76DDD3DC6}.Release|Any CPU.Build.0 = Release|Any CPU
		{2C0E7D4F-8F4B-4D2E-9A8D-1E2A7D8F3C4B}.Debug|Any CPU.ActiveCfg = Debug|Any CPU
		{2C0E7D4F-8F4B-4D2E-9A8D-1E2A7D8F3C4B}.Debug|Any CPU.Build.0 = Debug|Any CPU
		{2C0E7D4F-8F4B-4D2E-9A8D-1E2A7D8F3C4B}.Release|Any CPU.ActiveCfg = Release|Any CPU
		{2C0E7D4F-8F4B-4D2E-9A8D-1E2A7D8F3C4B}.Release|Any CPU.Build.0 = Release|Any CPU
		{3D1F8E5A-9B2C-4E3F-8C4D-2F3A8E5F9B6C}.Debug|Any CPU.ActiveCfg = Debug|Any CPU
		{3D1F8E5A-9B2C-4E3F-8C4D-2F3A8E5F9B6C}.Debug|Any CPU.Build.0 = Debug|Any CPU
		{3D1F8E5A-9B2C-4E3F-8C4D-2F3A8E5F9B6C}.Release|Any CPU.ActiveCfg = Release|Any CPU
		{3D1F8E5A-9B2C-4E3F-8C4D-2F3A8E5F9B6C}.Release|Any CPU.Build.0 = Release|Any CPU
		{4E2F9F6B-0C3D-4F4E-9D5E-3F4B9F6C0D7E}.Debug|Any CPU.ActiveCfg = Debug|Any CPU
		{4E2F9F6B-0C3D-4F4E-9D5E-3F4B9F6C0D7E}.Debug|Any CPU.Build.0 = Debug|Any CPU
		{4E2F9F6B-0C3D-4F4E-9D5E-3F4B9F6C0D7E}.Release|Any CPU.ActiveCfg = Release|Any CPU
		{4E2F9F6B-0C3D-4F4E-9D5E-3F4B9F6C0D7E}.Release|Any CPU.Build.0 = Release|Any CPU
	EndGlobalSection
	GlobalSection(SolutionProperties) = preSolution
		HideSolutionNode = FALSE
	EndGlobalSection
	GlobalSection(ExtensibilityGlobals) = postSolution
		SolutionGuid = {20FAFB04-2CED-4906-8E64-6DCE8A371162}
	EndGlobalSection
EndGlobal
